<?xml version="1.0" encoding="UTF-8" standalone="yes" ?>
<CodeBlocks_project_file>
   <FileVersion major="1" minor="6" />
   <Project>
      <Option title="ZaviruhaRViewCore" />
      <Option makefile_is_custom="1" />
      <Option compiler="msvc8" />
      <Option virtualFolders="CMake Files\;CMake Files\cmake\;CMake Files\Qt\;CMake Files\Qt\5.6mcvs2013\;CMake Files\Qt\5.6mcvs2013\5.6\;CMake Files\Qt\5.6mcvs2013\5.6\msvc2013_64\;CMake Files\Qt\5.6mcvs2013\5.6\msvc2013_64\lib\;CMake Files\Qt\5.6mcvs2013\5.6\msvc2013_64\lib\cmake\;CMake Files\Qt\5.6mcvs2013\5.6\msvc2013_64\lib\cmake\Qt5Core\;CMake Files\Qt\5.6mcvs2013\5.6\msvc2013_64\lib\cmake\Qt5Sql\;CMake Files\Qt\5.6mcvs2013\5.6\msvc2013_64\lib\cmake\Qt5Network\;CMake Files\Qt\5.6mcvs2013\5.6\msvc2013_64\lib\cmake\Qt5Gui\;CMake Files\Qt\5.6mcvs2013\5.6\msvc2013_64\lib\cmake\Qt5AxContainer\;CMake Files\Qt\5.6mcvs2013\5.6\msvc2013_64\lib\cmake\Qt5AxBase\;CMake Files\Qt\5.6mcvs2013\5.6\msvc2013_64\lib\cmake\Qt5Widgets\;CMake Files\Qt\5.6mcvs2013\5.6\msvc2013_64\lib\cmake\Qt5Multimedia\;CMake Files\Qt\5.6mcvs2013\5.6\msvc2013_64\lib\cmake\Qt5LinguistTools\;CMake Files\src\;CMake Files\src\Qxt\;CMake Files\src\CISCommonLib\;CMake Files\src\CISCommonLib\src\;CMake Files\src\CISCommonLib\tests\;CMake Files\src\common\;CMake Files\src\common\src\;CMake Files\src\common\tests\;CMake Files\src\server\;CMake Files\src\server\core\;CMake Files\src\server\app\;CMake Files\src\server\tests\;CMake Files\src\view\;CMake Files\src\view\core\;CMake Files\src\view\app\;CMake Files\src\view\tests\;CMake Files\build1\;CMake Files\build1\src\;CMake Files\build1\src\view\;CMake Files\build1\src\view\core\;CMake Files\docs\;" />
      <Build>
      <Target title="all">
         <Option working_dir="F:/Projects/Qt/Zaviruha2/zaviruha_r/build1/src/view/core" />
         <Option type="4" />
         <MakeCommands>
            <Build command="nmake /NOLOGO /f F:\Projects\Qt\Zaviruha2\zaviruha_r\build1\src\view\core\Makefile VERBOSE=1 all" />
            <CompileFile command="nmake /NOLOGO /f F:\Projects\Qt\Zaviruha2\zaviruha_r\build1\src\view\core\Makefile VERBOSE=1 &quot;$file&quot;" />
            <Clean command="nmake /NOLOGO /f F:\Projects\Qt\Zaviruha2\zaviruha_r\build1\src\view\core\Makefile VERBOSE=1 clean" />
            <DistClean command="nmake /NOLOGO /f F:\Projects\Qt\Zaviruha2\zaviruha_r\build1\src\view\core\Makefile VERBOSE=1 clean" />
         </MakeCommands>
      </Target>
      <Target title="ZaviruhaRViewCore">
         <Option output="F:/Projects/Qt/Zaviruha2/zaviruha_r/build1/bin/ZaviruhaRViewCore.lib" prefix_auto="0" extension_auto="0" />
         <Option working_dir="F:/Projects/Qt/Zaviruha2/zaviruha_r/build1/src/view/core" />
         <Option object_output="./" />
         <Option type="2" />
         <Option compiler="msvc8" />
         <Compiler>
            <Add option="-DUNICODE" />
            <Add option="-D_UNICODE" />
            <Add option="-DTBB_USE_CAPTURED_EXCEPTION=1" />
            <Add option="-DQXT_STATIC" />
            <Add option="-DBUILD_QXT" />
            <Add option="-D_LARGEFILE_SOURCE" />
            <Add option="-D_FILE_OFFSET_BITS=64" />
            <Add option="-D_DATADIR=&quot;share/&quot;" />
            <Add option="-DQT_CORE_LIB" />
            <Add option="-DQT_NO_DEBUG" />
            <Add option="-DQT_SQL_LIB" />
            <Add option="-DQT_NETWORK_LIB" />
            <Add option="-DQT_GUI_LIB" />
            <Add option="-DQT_AXCONTAINER_LIB" />
            <Add option="-DQT_AXBASE_LIB" />
            <Add option="-DQT_WIDGETS_LIB" />
            <Add option="-DQT_MULTIMEDIA_LIB" />
            <Add directory="C:/Qt/5.6mcvs2013/5.6/msvc2013_64/./mkspecs/win32-msvc2013" />
            <Add directory="C:/Qt/5.6mcvs2013/5.6/msvc2013_64/include" />
            <Add directory="C:/Qt/5.6mcvs2013/5.6/msvc2013_64/include/ActiveQt" />
            <Add directory="C:/Qt/5.6mcvs2013/5.6/msvc2013_64/include/QtCore" />
            <Add directory="C:/Qt/5.6mcvs2013/5.6/msvc2013_64/include/QtGui" />
            <Add directory="C:/Qt/5.6mcvs2013/5.6/msvc2013_64/include/QtMultimedia" />
            <Add directory="C:/Qt/5.6mcvs2013/5.6/msvc2013_64/include/QtNetwork" />
            <Add directory="C:/Qt/5.6mcvs2013/5.6/msvc2013_64/include/QtSql" />
            <Add directory="C:/Qt/5.6mcvs2013/5.6/msvc2013_64/include/QtWidgets" />
            <Add directory="F:/Projects/Qt/Zaviruha2/zaviruha_r/build1/src/CISCommonLib/src" />
            <Add directory="F:/Projects/Qt/Zaviruha2/zaviruha_r/build1/src/Qxt" />
            <Add directory="F:/Projects/Qt/Zaviruha2/zaviruha_r/build1/src/common/src" />
            <Add directory="F:/Projects/Qt/Zaviruha2/zaviruha_r/build1/src/view/core" />
            <Add directory="F:/Projects/Qt/Zaviruha2/zaviruha_r/redist/GraphicsIpp/include" />
            <Add directory="F:/Projects/Qt/Zaviruha2/zaviruha_r/redist/GraphicsIpp/include/modules" />
            <Add directory="F:/Projects/Qt/Zaviruha2/zaviruha_r/redist/ipp/include" />
            <Add directory="F:/Projects/Qt/Zaviruha2/zaviruha_r/redist/protobuf26/5.6/src" />
            <Add directory="F:/Projects/Qt/Zaviruha2/zaviruha_r/redist/qtsingleapplication/bin/src" />
            <Add directory="F:/Projects/Qt/Zaviruha2/zaviruha_r/redist/tbb/include" />
            <Add directory="F:/Projects/Qt/Zaviruha2/zaviruha_r/src/CISCommonLib/src" />
            <Add directory="F:/Projects/Qt/Zaviruha2/zaviruha_r/src/Qxt" />
            <Add directory="F:/Projects/Qt/Zaviruha2/zaviruha_r/src/common/src" />
            <Add directory="F:/Projects/Qt/Zaviruha2/zaviruha_r/src/view/core" />
         </Compiler>
         <MakeCommands>
            <Build command="nmake /NOLOGO /f F:\Projects\Qt\Zaviruha2\zaviruha_r\build1\src\view\core\Makefile VERBOSE=1 ZaviruhaRViewCore" />
            <CompileFile command="nmake /NOLOGO /f F:\Projects\Qt\Zaviruha2\zaviruha_r\build1\src\view\core\Makefile VERBOSE=1 &quot;$file&quot;" />
            <Clean command="nmake /NOLOGO /f F:\Projects\Qt\Zaviruha2\zaviruha_r\build1\src\view\core\Makefile VERBOSE=1 clean" />
            <DistClean command="nmake /NOLOGO /f F:\Projects\Qt\Zaviruha2\zaviruha_r\build1\src\view\core\Makefile VERBOSE=1 clean" />
         </MakeCommands>
      </Target>
      <Target title="ZaviruhaRViewCore/fast">
         <Option output="F:/Projects/Qt/Zaviruha2/zaviruha_r/build1/bin/ZaviruhaRViewCore.lib" prefix_auto="0" extension_auto="0" />
         <Option working_dir="F:/Projects/Qt/Zaviruha2/zaviruha_r/build1/src/view/core" />
         <Option object_output="./" />
         <Option type="2" />
         <Option compiler="msvc8" />
         <Compiler>
            <Add option="-DUNICODE" />
            <Add option="-D_UNICODE" />
            <Add option="-DTBB_USE_CAPTURED_EXCEPTION=1" />
            <Add option="-DQXT_STATIC" />
            <Add option="-DBUILD_QXT" />
            <Add option="-D_LARGEFILE_SOURCE" />
            <Add option="-D_FILE_OFFSET_BITS=64" />
            <Add option="-D_DATADIR=&quot;share/&quot;" />
            <Add option="-DQT_CORE_LIB" />
            <Add option="-DQT_NO_DEBUG" />
            <Add option="-DQT_SQL_LIB" />
            <Add option="-DQT_NETWORK_LIB" />
            <Add option="-DQT_GUI_LIB" />
            <Add option="-DQT_AXCONTAINER_LIB" />
            <Add option="-DQT_AXBASE_LIB" />
            <Add option="-DQT_WIDGETS_LIB" />
            <Add option="-DQT_MULTIMEDIA_LIB" />
            <Add directory="C:/Qt/5.6mcvs2013/5.6/msvc2013_64/./mkspecs/win32-msvc2013" />
            <Add directory="C:/Qt/5.6mcvs2013/5.6/msvc2013_64/include" />
            <Add directory="C:/Qt/5.6mcvs2013/5.6/msvc2013_64/include/ActiveQt" />
            <Add directory="C:/Qt/5.6mcvs2013/5.6/msvc2013_64/include/QtCore" />
            <Add directory="C:/Qt/5.6mcvs2013/5.6/msvc2013_64/include/QtGui" />
            <Add directory="C:/Qt/5.6mcvs2013/5.6/msvc2013_64/include/QtMultimedia" />
            <Add directory="C:/Qt/5.6mcvs2013/5.6/msvc2013_64/include/QtNetwork" />
            <Add directory="C:/Qt/5.6mcvs2013/5.6/msvc2013_64/include/QtSql" />
            <Add directory="C:/Qt/5.6mcvs2013/5.6/msvc2013_64/include/QtWidgets" />
            <Add directory="F:/Projects/Qt/Zaviruha2/zaviruha_r/build1/src/CISCommonLib/src" />
            <Add directory="F:/Projects/Qt/Zaviruha2/zaviruha_r/build1/src/Qxt" />
            <Add directory="F:/Projects/Qt/Zaviruha2/zaviruha_r/build1/src/common/src" />
            <Add directory="F:/Projects/Qt/Zaviruha2/zaviruha_r/build1/src/view/core" />
            <Add directory="F:/Projects/Qt/Zaviruha2/zaviruha_r/redist/GraphicsIpp/include" />
            <Add directory="F:/Projects/Qt/Zaviruha2/zaviruha_r/redist/GraphicsIpp/include/modules" />
            <Add directory="F:/Projects/Qt/Zaviruha2/zaviruha_r/redist/ipp/include" />
            <Add directory="F:/Projects/Qt/Zaviruha2/zaviruha_r/redist/protobuf26/5.6/src" />
            <Add directory="F:/Projects/Qt/Zaviruha2/zaviruha_r/redist/qtsingleapplication/bin/src" />
            <Add directory="F:/Projects/Qt/Zaviruha2/zaviruha_r/redist/tbb/include" />
            <Add directory="F:/Projects/Qt/Zaviruha2/zaviruha_r/src/CISCommonLib/src" />
            <Add directory="F:/Projects/Qt/Zaviruha2/zaviruha_r/src/Qxt" />
            <Add directory="F:/Projects/Qt/Zaviruha2/zaviruha_r/src/common/src" />
            <Add directory="F:/Projects/Qt/Zaviruha2/zaviruha_r/src/view/core" />
         </Compiler>
         <MakeCommands>
            <Build command="nmake /NOLOGO /f F:\Projects\Qt\Zaviruha2\zaviruha_r\build1\src\view\core\Makefile VERBOSE=1 ZaviruhaRViewCore/fast" />
            <CompileFile command="nmake /NOLOGO /f F:\Projects\Qt\Zaviruha2\zaviruha_r\build1\src\view\core\Makefile VERBOSE=1 &quot;$file&quot;" />
            <Clean command="nmake /NOLOGO /f F:\Projects\Qt\Zaviruha2\zaviruha_r\build1\src\view\core\Makefile VERBOSE=1 clean" />
            <DistClean command="nmake /NOLOGO /f F:\Projects\Qt\Zaviruha2\zaviruha_r\build1\src\view\core\Makefile VERBOSE=1 clean" />
         </MakeCommands>
      </Target>
      <Target title="ZaviruhaRViewCore_tr">
         <Option working_dir="F:/Projects/Qt/Zaviruha2/zaviruha_r/build1/src/view/core" />
         <Option type="4" />
         <MakeCommands>
            <Build command="nmake /NOLOGO /f F:\Projects\Qt\Zaviruha2\zaviruha_r\build1\src\view\core\Makefile VERBOSE=1 ZaviruhaRViewCore_tr" />
            <CompileFile command="nmake /NOLOGO /f F:\Projects\Qt\Zaviruha2\zaviruha_r\build1\src\view\core\Makefile VERBOSE=1 &quot;$file&quot;" />
            <Clean command="nmake /NOLOGO /f F:\Projects\Qt\Zaviruha2\zaviruha_r\build1\src\view\core\Makefile VERBOSE=1 clean" />
            <DistClean command="nmake /NOLOGO /f F:\Projects\Qt\Zaviruha2\zaviruha_r\build1\src\view\core\Makefile VERBOSE=1 clean" />
         </MakeCommands>
      </Target>
      </Build>
      <Unit filename="F:/Projects/Qt/Zaviruha2/zaviruha_r/src/view/core/Common/BaseDataSource.cpp">
      </Unit>
      <Unit filename="F:/Projects/Qt/Zaviruha2/zaviruha_r/src/view/core/Common/CommandMessage.cpp">
      </Unit>
      <Unit filename="F:/Projects/Qt/Zaviruha2/zaviruha_r/src/view/core/ControlPanel/CheckBoxDelegate.cpp">
      </Unit>
      <Unit filename="F:/Projects/Qt/Zaviruha2/zaviruha_r/src/view/core/ControlPanel/ControlPanelController.cpp">
      </Unit>
      <Unit filename="F:/Projects/Qt/Zaviruha2/zaviruha_r/src/view/core/ControlPanel/ControlPanelWidget.cpp">
      </Unit>
      <Unit filename="F:/Projects/Qt/Zaviruha2/zaviruha_r/src/view/core/ControlPanel/ListWhiteDialog.cpp">
      </Unit>
      <Unit filename="F:/Projects/Qt/Zaviruha2/zaviruha_r/src/view/core/ControlPanel/ListWhiteDialogController.cpp">
      </Unit>
      <Unit filename="F:/Projects/Qt/Zaviruha2/zaviruha_r/src/view/core/Correlations/CorrelationControllersContainer.cpp">
      </Unit>
      <Unit filename="F:/Projects/Qt/Zaviruha2/zaviruha_r/src/view/core/Correlations/CorrelationGroupWidget.cpp">
      </Unit>
      <Unit filename="F:/Projects/Qt/Zaviruha2/zaviruha_r/src/view/core/Correlations/CorrelationWidget.cpp">
      </Unit>
      <Unit filename="F:/Projects/Qt/Zaviruha2/zaviruha_r/src/view/core/Correlations/CorrelationWidgetController.cpp">
      </Unit>
      <Unit filename="F:/Projects/Qt/Zaviruha2/zaviruha_r/src/view/core/Correlations/CorrelationWidgetDataSource.cpp">
      </Unit>
      <Unit filename="F:/Projects/Qt/Zaviruha2/zaviruha_r/src/view/core/DB/DbController.cpp">
      </Unit>
      <Unit filename="F:/Projects/Qt/Zaviruha2/zaviruha_r/src/view/core/DB/DbManager.cpp">
      </Unit>
      <Unit filename="F:/Projects/Qt/Zaviruha2/zaviruha_r/src/view/core/DBStation/AddStationDataDialog.cpp">
      </Unit>
      <Unit filename="F:/Projects/Qt/Zaviruha2/zaviruha_r/src/view/core/DBStation/AddStationDataDialogController.cpp">
      </Unit>
      <Unit filename="F:/Projects/Qt/Zaviruha2/zaviruha_r/src/view/core/DBStation/DBStationController.cpp">
      </Unit>
      <Unit filename="F:/Projects/Qt/Zaviruha2/zaviruha_r/src/view/core/DBStation/ListsDialog.cpp">
      </Unit>
      <Unit filename="F:/Projects/Qt/Zaviruha2/zaviruha_r/src/view/core/DBStation/ListsDialogController.cpp">
      </Unit>
      <Unit filename="F:/Projects/Qt/Zaviruha2/zaviruha_r/src/view/core/DBStation/ListsProxyModel.cpp">
      </Unit>
      <Unit filename="F:/Projects/Qt/Zaviruha2/zaviruha_r/src/view/core/DBStation/StationHelper.cpp">
      </Unit>
      <Unit filename="F:/Projects/Qt/Zaviruha2/zaviruha_r/src/view/core/DBStation/StationsDataTableModel.cpp">
      </Unit>
      <Unit filename="F:/Projects/Qt/Zaviruha2/zaviruha_r/src/view/core/MainWindow.cpp">
      </Unit>
      <Unit filename="F:/Projects/Qt/Zaviruha2/zaviruha_r/src/view/core/MainWindowController.cpp">
      </Unit>
      <Unit filename="F:/Projects/Qt/Zaviruha2/zaviruha_r/src/view/core/Prm300ControlWidget.cpp">
      </Unit>
      <Unit filename="F:/Projects/Qt/Zaviruha2/zaviruha_r/src/view/core/Prm300ControlWidgetController.cpp">
      </Unit>
      <Unit filename="F:/Projects/Qt/Zaviruha2/zaviruha_r/src/view/core/SettingsTree/TreeModel.cpp">
      </Unit>
      <Unit filename="F:/Projects/Qt/Zaviruha2/zaviruha_r/src/view/core/SettingsTree/TreeWidgetDelegate.cpp">
      </Unit>
      <Unit filename="F:/Projects/Qt/Zaviruha2/zaviruha_r/src/view/core/SignalDetectedDialog.cpp">
      </Unit>
      <Unit filename="F:/Projects/Qt/Zaviruha2/zaviruha_r/src/view/core/SpectrumWidget.cpp">
      </Unit>
      <Unit filename="F:/Projects/Qt/Zaviruha2/zaviruha_r/src/view/core/SpectrumWidgetController.cpp">
      </Unit>
      <Unit filename="F:/Projects/Qt/Zaviruha2/zaviruha_r/src/view/core/SpectrumWidgetDataSource.cpp">
      </Unit>
      <Unit filename="F:/Projects/Qt/Zaviruha2/zaviruha_r/src/view/core/Station.cpp">
      </Unit>
      <Unit filename="F:/Projects/Qt/Zaviruha2/zaviruha_r/src/view/core/Tabs/AtlantTabWidget.cpp">
      </Unit>
      <Unit filename="F:/Projects/Qt/Zaviruha2/zaviruha_r/src/view/core/Tabs/CommonSpectrumTabWidget.cpp">
      </Unit>
      <Unit filename="F:/Projects/Qt/Zaviruha2/zaviruha_r/src/view/core/Tabs/Controls/ControlPRM.cpp">
      </Unit>
      <Unit filename="F:/Projects/Qt/Zaviruha2/zaviruha_r/src/view/core/Tabs/RPC/RpcAtlantClient.cpp">
      </Unit>
      <Unit filename="F:/Projects/Qt/Zaviruha2/zaviruha_r/src/view/core/Tabs/RPC/RpcConfigClient.cpp">
      </Unit>
      <Unit filename="F:/Projects/Qt/Zaviruha2/zaviruha_r/src/view/core/Tabs/RPC/RpcFlakonClient.cpp">
      </Unit>
      <Unit filename="F:/Projects/Qt/Zaviruha2/zaviruha_r/src/view/core/Tabs/RPC/RpcFlakonClientWrapper.cpp">
      </Unit>
      <Unit filename="F:/Projects/Qt/Zaviruha2/zaviruha_r/src/view/core/Tabs/RPC/RpcPrmClient.cpp">
      </Unit>
      <Unit filename="F:/Projects/Qt/Zaviruha2/zaviruha_r/src/view/core/Tabs/TabManager.cpp">
      </Unit>
      <Unit filename="F:/Projects/Qt/Zaviruha2/zaviruha_r/src/view/core/Tabs/TabSpectrumWidget.cpp">
      </Unit>
      <Unit filename="F:/Projects/Qt/Zaviruha2/zaviruha_r/src/view/core/Tabs/TabSpectrumWidgetController.cpp">
      </Unit>
      <Unit filename="F:/Projects/Qt/Zaviruha2/zaviruha_r/build1/src/view/core/ZaviruhaRViewCore_ts.qrc">
      </Unit>
      <Unit filename="F:/Projects/Qt/Zaviruha2/zaviruha_r/src/view/core/ARM-R_en.ts">
      </Unit>
      <Unit filename="F:/Projects/Qt/Zaviruha2/zaviruha_r/src/view/core/ARM-R_ru.ts">
      </Unit>
      <Unit filename="F:/Projects/Qt/Zaviruha2/zaviruha_r/src/view/core/AtlantTabWidget.ui">
      </Unit>
      <Unit filename="F:/Projects/Qt/Zaviruha2/zaviruha_r/src/view/core/Common/BaseDataSource.h">
      </Unit>
      <Unit filename="F:/Projects/Qt/Zaviruha2/zaviruha_r/src/view/core/Common/CommandMessage.h">
      </Unit>
      <Unit filename="F:/Projects/Qt/Zaviruha2/zaviruha_r/src/view/core/Common/IMessage.h">
      </Unit>
      <Unit filename="F:/Projects/Qt/Zaviruha2/zaviruha_r/src/view/core/ControlPanel.ui">
      </Unit>
      <Unit filename="F:/Projects/Qt/Zaviruha2/zaviruha_r/src/view/core/ControlPanel/CheckBoxDelegate.h">
      </Unit>
      <Unit filename="F:/Projects/Qt/Zaviruha2/zaviruha_r/src/view/core/ControlPanel/ControlPanelController.h">
      </Unit>
      <Unit filename="F:/Projects/Qt/Zaviruha2/zaviruha_r/src/view/core/ControlPanel/ControlPanelWidget.h">
      </Unit>
      <Unit filename="F:/Projects/Qt/Zaviruha2/zaviruha_r/src/view/core/ControlPanel/ListWhiteDialog.h">
      </Unit>
      <Unit filename="F:/Projects/Qt/Zaviruha2/zaviruha_r/src/view/core/ControlPanel/ListWhiteDialog.ui">
      </Unit>
      <Unit filename="F:/Projects/Qt/Zaviruha2/zaviruha_r/src/view/core/ControlPanel/ListWhiteDialogController.h">
      </Unit>
      <Unit filename="F:/Projects/Qt/Zaviruha2/zaviruha_r/src/view/core/Correlations/CorrelationControllersContainer.h">
      </Unit>
      <Unit filename="F:/Projects/Qt/Zaviruha2/zaviruha_r/src/view/core/Correlations/CorrelationGroupWidget.h">
      </Unit>
      <Unit filename="F:/Projects/Qt/Zaviruha2/zaviruha_r/src/view/core/Correlations/CorrelationGroupWidget.ui">
      </Unit>
      <Unit filename="F:/Projects/Qt/Zaviruha2/zaviruha_r/src/view/core/Correlations/CorrelationWidget.h">
      </Unit>
      <Unit filename="F:/Projects/Qt/Zaviruha2/zaviruha_r/src/view/core/Correlations/CorrelationWidget.ui">
      </Unit>
      <Unit filename="F:/Projects/Qt/Zaviruha2/zaviruha_r/src/view/core/Correlations/CorrelationWidgetController.h">
      </Unit>
      <Unit filename="F:/Projects/Qt/Zaviruha2/zaviruha_r/src/view/core/Correlations/CorrelationWidgetDataSource.h">
      </Unit>
      <Unit filename="F:/Projects/Qt/Zaviruha2/zaviruha_r/src/view/core/DB/DbController.h">
      </Unit>
      <Unit filename="F:/Projects/Qt/Zaviruha2/zaviruha_r/src/view/core/DB/DbManager.h">
      </Unit>
      <Unit filename="F:/Projects/Qt/Zaviruha2/zaviruha_r/src/view/core/DBStation/AddStationDataDialog.h">
      </Unit>
      <Unit filename="F:/Projects/Qt/Zaviruha2/zaviruha_r/src/view/core/DBStation/AddStationDataDialog.ui">
      </Unit>
      <Unit filename="F:/Projects/Qt/Zaviruha2/zaviruha_r/src/view/core/DBStation/AddStationDataDialogController.h">
      </Unit>
      <Unit filename="F:/Projects/Qt/Zaviruha2/zaviruha_r/src/view/core/DBStation/DBFillTables.h">
      </Unit>
      <Unit filename="F:/Projects/Qt/Zaviruha2/zaviruha_r/src/view/core/DBStation/DBStationController.h">
      </Unit>
      <Unit filename="F:/Projects/Qt/Zaviruha2/zaviruha_r/src/view/core/DBStation/IDBStation.h">
      </Unit>
      <Unit filename="F:/Projects/Qt/Zaviruha2/zaviruha_r/src/view/core/DBStation/IDBStationListener.h">
      </Unit>
      <Unit filename="F:/Projects/Qt/Zaviruha2/zaviruha_r/src/view/core/DBStation/ListsDialog.h">
      </Unit>
      <Unit filename="F:/Projects/Qt/Zaviruha2/zaviruha_r/src/view/core/DBStation/ListsDialog.ui">
      </Unit>
      <Unit filename="F:/Projects/Qt/Zaviruha2/zaviruha_r/src/view/core/DBStation/ListsDialogController.h">
      </Unit>
      <Unit filename="F:/Projects/Qt/Zaviruha2/zaviruha_r/src/view/core/DBStation/ListsProxyModel.h">
      </Unit>
      <Unit filename="F:/Projects/Qt/Zaviruha2/zaviruha_r/src/view/core/DBStation/StationHelper.h">
      </Unit>
      <Unit filename="F:/Projects/Qt/Zaviruha2/zaviruha_r/src/view/core/DBStation/StationsDataTableModel.h">
      </Unit>
      <Unit filename="F:/Projects/Qt/Zaviruha2/zaviruha_r/src/view/core/Defines.h">
      </Unit>
      <Unit filename="F:/Projects/Qt/Zaviruha2/zaviruha_r/src/view/core/ICorrelationWidget.h">
      </Unit>
      <Unit filename="F:/Projects/Qt/Zaviruha2/zaviruha_r/src/view/core/IGraphicWidget.h">
      </Unit>
      <Unit filename="F:/Projects/Qt/Zaviruha2/zaviruha_r/src/view/core/Interfaces/IControlPanelController.h">
      </Unit>
      <Unit filename="F:/Projects/Qt/Zaviruha2/zaviruha_r/src/view/core/Interfaces/IControlPanelListener.h">
      </Unit>
      <Unit filename="F:/Projects/Qt/Zaviruha2/zaviruha_r/src/view/core/Interfaces/ICorrelationControllersContainer.h">
      </Unit>
      <Unit filename="F:/Projects/Qt/Zaviruha2/zaviruha_r/src/view/core/Interfaces/ICorrelationListener.h">
      </Unit>
      <Unit filename="F:/Projects/Qt/Zaviruha2/zaviruha_r/src/view/core/Interfaces/ICorrelationWidget.h">
      </Unit>
      <Unit filename="F:/Projects/Qt/Zaviruha2/zaviruha_r/src/view/core/Interfaces/IDataSource.h">
      </Unit>
      <Unit filename="F:/Projects/Qt/Zaviruha2/zaviruha_r/src/view/core/Interfaces/IDataSourceListener.h">
      </Unit>
      <Unit filename="F:/Projects/Qt/Zaviruha2/zaviruha_r/src/view/core/Interfaces/IDbCache.h">
      </Unit>
      <Unit filename="F:/Projects/Qt/Zaviruha2/zaviruha_r/src/view/core/Interfaces/IDbChangedListener.h">
      </Unit>
      <Unit filename="F:/Projects/Qt/Zaviruha2/zaviruha_r/src/view/core/Interfaces/IDbController.h">
      </Unit>
      <Unit filename="F:/Projects/Qt/Zaviruha2/zaviruha_r/src/view/core/Interfaces/IDbManager.h">
      </Unit>
      <Unit filename="F:/Projects/Qt/Zaviruha2/zaviruha_r/src/view/core/Interfaces/IExchangeMainTreeItem.h">
      </Unit>
      <Unit filename="F:/Projects/Qt/Zaviruha2/zaviruha_r/src/view/core/Interfaces/IRpcConfigClient.h">
      </Unit>
      <Unit filename="F:/Projects/Qt/Zaviruha2/zaviruha_r/src/view/core/Interfaces/ISettingsChangedListener.h">
      </Unit>
      <Unit filename="F:/Projects/Qt/Zaviruha2/zaviruha_r/src/view/core/Interfaces/ISpectrumWidget.h">
      </Unit>
      <Unit filename="F:/Projects/Qt/Zaviruha2/zaviruha_r/src/view/core/Interfaces/IStation.h">
      </Unit>
      <Unit filename="F:/Projects/Qt/Zaviruha2/zaviruha_r/src/view/core/Interfaces/ITCPClient.h">
      </Unit>
      <Unit filename="F:/Projects/Qt/Zaviruha2/zaviruha_r/src/view/core/Interfaces/ITCPParser.h">
      </Unit>
      <Unit filename="F:/Projects/Qt/Zaviruha2/zaviruha_r/src/view/core/Interfaces/ITabManager.h">
      </Unit>
      <Unit filename="F:/Projects/Qt/Zaviruha2/zaviruha_r/src/view/core/Interfaces/ITabWidget.h">
      </Unit>
      <Unit filename="F:/Projects/Qt/Zaviruha2/zaviruha_r/src/view/core/MainWindow.h">
      </Unit>
      <Unit filename="F:/Projects/Qt/Zaviruha2/zaviruha_r/src/view/core/MainWindow.ui">
      </Unit>
      <Unit filename="F:/Projects/Qt/Zaviruha2/zaviruha_r/src/view/core/MainWindowController.h">
      </Unit>
      <Unit filename="F:/Projects/Qt/Zaviruha2/zaviruha_r/src/view/core/Prm300ControlWidget.h">
      </Unit>
      <Unit filename="F:/Projects/Qt/Zaviruha2/zaviruha_r/src/view/core/Prm300ControlWidget.ui">
      </Unit>
      <Unit filename="F:/Projects/Qt/Zaviruha2/zaviruha_r/src/view/core/Prm300ControlWidgetController.h">
      </Unit>
      <Unit filename="F:/Projects/Qt/Zaviruha2/zaviruha_r/src/view/core/SettingsTree/TreeModel.h">
      </Unit>
      <Unit filename="F:/Projects/Qt/Zaviruha2/zaviruha_r/src/view/core/SettingsTree/TreeWidgetDelegate.h">
      </Unit>
      <Unit filename="F:/Projects/Qt/Zaviruha2/zaviruha_r/src/view/core/SignalDetectedDialog.h">
      </Unit>
      <Unit filename="F:/Projects/Qt/Zaviruha2/zaviruha_r/src/view/core/SignalDetectedDialog.ui">
      </Unit>
      <Unit filename="F:/Projects/Qt/Zaviruha2/zaviruha_r/src/view/core/SpectrumWidget.h">
      </Unit>
      <Unit filename="F:/Projects/Qt/Zaviruha2/zaviruha_r/src/view/core/SpectrumWidget.ui">
      </Unit>
      <Unit filename="F:/Projects/Qt/Zaviruha2/zaviruha_r/src/view/core/SpectrumWidgetController.h">
      </Unit>
      <Unit filename="F:/Projects/Qt/Zaviruha2/zaviruha_r/src/view/core/SpectrumWidgetDataSource.h">
      </Unit>
      <Unit filename="F:/Projects/Qt/Zaviruha2/zaviruha_r/src/view/core/Station.h">
      </Unit>
      <Unit filename="F:/Projects/Qt/Zaviruha2/zaviruha_r/src/view/core/TabSpectrumWidget.ui">
      </Unit>
      <Unit filename="F:/Projects/Qt/Zaviruha2/zaviruha_r/src/view/core/Tabs/AtlantTabWidget.h">
      </Unit>
      <Unit filename="F:/Projects/Qt/Zaviruha2/zaviruha_r/src/view/core/Tabs/CommonSpectrumTabWidget.h">
      </Unit>
      <Unit filename="F:/Projects/Qt/Zaviruha2/zaviruha_r/src/view/core/Tabs/CommonSpectrumTabWidget.ui">
      </Unit>
      <Unit filename="F:/Projects/Qt/Zaviruha2/zaviruha_r/src/view/core/Tabs/Controls/ControlPRM.h">
      </Unit>
      <Unit filename="F:/Projects/Qt/Zaviruha2/zaviruha_r/src/view/core/Tabs/Controls/IControlPRM.h">
      </Unit>
      <Unit filename="F:/Projects/Qt/Zaviruha2/zaviruha_r/src/view/core/Tabs/ITabAtlant.h">
      </Unit>
      <Unit filename="F:/Projects/Qt/Zaviruha2/zaviruha_r/src/view/core/Tabs/ITabSpectrum.h">
      </Unit>
      <Unit filename="F:/Projects/Qt/Zaviruha2/zaviruha_r/src/view/core/Tabs/RPC/RpcAtlantClient.h">
      </Unit>
      <Unit filename="F:/Projects/Qt/Zaviruha2/zaviruha_r/src/view/core/Tabs/RPC/RpcConfigClient.h">
      </Unit>
      <Unit filename="F:/Projects/Qt/Zaviruha2/zaviruha_r/src/view/core/Tabs/RPC/RpcFlakonClient.h">
      </Unit>
      <Unit filename="F:/Projects/Qt/Zaviruha2/zaviruha_r/src/view/core/Tabs/RPC/RpcFlakonClientWrapper.h">
      </Unit>
      <Unit filename="F:/Projects/Qt/Zaviruha2/zaviruha_r/src/view/core/Tabs/RPC/RpcPrmClient.h">
      </Unit>
      <Unit filename="F:/Projects/Qt/Zaviruha2/zaviruha_r/src/view/core/Tabs/TabManager.h">
      </Unit>
      <Unit filename="F:/Projects/Qt/Zaviruha2/zaviruha_r/src/view/core/Tabs/TabSpectrumWidget.h">
      </Unit>
      <Unit filename="F:/Projects/Qt/Zaviruha2/zaviruha_r/src/view/core/Tabs/TabSpectrumWidgetController.h">
      </Unit>
      <Unit filename="F:/Projects/Qt/Zaviruha2/zaviruha_r/src/view/core/UiDefines.h">
      </Unit>
      <Unit filename="F:/Projects/Qt/Zaviruha2/zaviruha_r/src/view/core/core.h">
      </Unit>
      <Unit filename="F:/Projects/Qt/Zaviruha2/zaviruha_r/src/view/core/sample_types.h">
      </Unit>
      <Unit filename="F:/Projects/Qt/Zaviruha2/zaviruha_r/src/view/core/stdafx.h">
      </Unit>
      <Unit filename="F:/Projects/Qt/Zaviruha2/zaviruha_r/CMakeLists.txt">
          <Option virtualFolder="CMake Files\" />
      </Unit>
      <Unit filename="F:/Projects/Qt/Zaviruha2/zaviruha_r/nsis.cmake">
          <Option virtualFolder="CMake Files\" />
      </Unit>
      <Unit filename="F:/Projects/Qt/Zaviruha2/zaviruha_r/cmake/UsefulMacros.cmake">
          <Option virtualFolder="CMake Files\cmake\" />
      </Unit>
      <Unit filename="F:/Projects/Qt/Zaviruha2/zaviruha_r/cmake/CommonInit.cmake">
          <Option virtualFolder="CMake Files\cmake\" />
      </Unit>
      <Unit filename="F:/Projects/Qt/Zaviruha2/zaviruha_r/cmake/cmake_uninstall.cmake.in">
          <Option virtualFolder="CMake Files\cmake\" />
      </Unit>
      <Unit filename="F:/Projects/Qt/Zaviruha2/zaviruha_r/cmake/CodeCoverage.cmake">
          <Option virtualFolder="CMake Files\cmake\" />
      </Unit>
      <Unit filename="F:/Projects/Qt/Zaviruha2/zaviruha_r/cmake/FindIpp.cmake">
          <Option virtualFolder="CMake Files\cmake\" />
      </Unit>
      <Unit filename="F:/Projects/Qt/Zaviruha2/zaviruha_r/cmake/FindTbb.cmake">
          <Option virtualFolder="CMake Files\cmake\" />
      </Unit>
      <Unit filename="F:/Projects/Qt/Zaviruha2/zaviruha_r/cmake/FindGraphicsIpp.cmake">
          <Option virtualFolder="CMake Files\cmake\" />
      </Unit>
      <Unit filename="F:/Projects/Qt/Zaviruha2/zaviruha_r/cmake/FindProtobuf.cmake">
          <Option virtualFolder="CMake Files\cmake\" />
      </Unit>
      <Unit filename="F:/Projects/Qt/Zaviruha2/zaviruha_r/cmake/FindQtSingleApplication.cmake">
          <Option virtualFolder="CMake Files\cmake\" />
      </Unit>
      <Unit filename="F:/Projects/Qt/Zaviruha2/zaviruha_r/cmake/DeployQt4.cmake">
          <Option virtualFolder="CMake Files\cmake\" />
      </Unit>
      <Unit filename="F:/Projects/Qt/Zaviruha2/zaviruha_r/cmake/BundleUtilities.cmake">
          <Option virtualFolder="CMake Files\cmake\" />
      </Unit>
      <Unit filename="F:/Projects/Qt/Zaviruha2/zaviruha_r/cmake/GetPrerequisites.cmake">
          <Option virtualFolder="CMake Files\cmake\" />
      </Unit>
      <Unit filename="F:/Projects/Qt/Zaviruha2/zaviruha_r/cmake/DeployQt4.cmake">
          <Option virtualFolder="CMake Files\cmake\" />
      </Unit>
      <Unit filename="F:/Projects/Qt/Zaviruha2/zaviruha_r/cmake/BundleUtilities.cmake">
          <Option virtualFolder="CMake Files\cmake\" />
      </Unit>
      <Unit filename="F:/Projects/Qt/Zaviruha2/zaviruha_r/cmake/GetPrerequisites.cmake">
          <Option virtualFolder="CMake Files\cmake\" />
      </Unit>
      <Unit filename="F:/Projects/Qt/Zaviruha2/zaviruha_r/cmake/DeployQt4.cmake">
          <Option virtualFolder="CMake Files\cmake\" />
      </Unit>
      <Unit filename="F:/Projects/Qt/Zaviruha2/zaviruha_r/cmake/BundleUtilities.cmake">
          <Option virtualFolder="CMake Files\cmake\" />
      </Unit>
      <Unit filename="F:/Projects/Qt/Zaviruha2/zaviruha_r/cmake/GetPrerequisites.cmake">
          <Option virtualFolder="CMake Files\cmake\" />
      </Unit>
      <Unit filename="F:/Projects/Qt/Zaviruha2/zaviruha_r/cmake/DeployQt4.cmake">
          <Option virtualFolder="CMake Files\cmake\" />
      </Unit>
      <Unit filename="F:/Projects/Qt/Zaviruha2/zaviruha_r/cmake/BundleUtilities.cmake">
          <Option virtualFolder="CMake Files\cmake\" />
      </Unit>
      <Unit filename="F:/Projects/Qt/Zaviruha2/zaviruha_r/cmake/GetPrerequisites.cmake">
          <Option virtualFolder="CMake Files\cmake\" />
      </Unit>
      <Unit filename="F:/Projects/Qt/Zaviruha2/zaviruha_r/Qt/5.6mcvs2013/5.6/msvc2013_64/lib/cmake/Qt5Core/Qt5CoreConfigVersion.cmake">
          <Option virtualFolder="CMake Files\Qt\5.6mcvs2013\5.6\msvc2013_64\lib\cmake\Qt5Core\" />
      </Unit>
      <Unit filename="F:/Projects/Qt/Zaviruha2/zaviruha_r/Qt/5.6mcvs2013/5.6/msvc2013_64/lib/cmake/Qt5Core/Qt5CoreConfig.cmake">
          <Option virtualFolder="CMake Files\Qt\5.6mcvs2013\5.6\msvc2013_64\lib\cmake\Qt5Core\" />
      </Unit>
      <Unit filename="F:/Projects/Qt/Zaviruha2/zaviruha_r/Qt/5.6mcvs2013/5.6/msvc2013_64/lib/cmake/Qt5Core/Qt5CoreConfigExtras.cmake">
          <Option virtualFolder="CMake Files\Qt\5.6mcvs2013\5.6\msvc2013_64\lib\cmake\Qt5Core\" />
      </Unit>
      <Unit filename="F:/Projects/Qt/Zaviruha2/zaviruha_r/Qt/5.6mcvs2013/5.6/msvc2013_64/lib/cmake/Qt5Core/Qt5CoreConfigExtrasMkspecDir.cmake">
          <Option virtualFolder="CMake Files\Qt\5.6mcvs2013\5.6\msvc2013_64\lib\cmake\Qt5Core\" />
      </Unit>
      <Unit filename="F:/Projects/Qt/Zaviruha2/zaviruha_r/Qt/5.6mcvs2013/5.6/msvc2013_64/lib/cmake/Qt5Core/Qt5CoreMacros.cmake">
          <Option virtualFolder="CMake Files\Qt\5.6mcvs2013\5.6\msvc2013_64\lib\cmake\Qt5Core\" />
      </Unit>
      <Unit filename="F:/Projects/Qt/Zaviruha2/zaviruha_r/Qt/5.6mcvs2013/5.6/msvc2013_64/lib/cmake/Qt5Sql/Qt5SqlConfigVersion.cmake">
          <Option virtualFolder="CMake Files\Qt\5.6mcvs2013\5.6\msvc2013_64\lib\cmake\Qt5Sql\" />
      </Unit>
      <Unit filename="F:/Projects/Qt/Zaviruha2/zaviruha_r/Qt/5.6mcvs2013/5.6/msvc2013_64/lib/cmake/Qt5Sql/Qt5SqlConfig.cmake">
          <Option virtualFolder="CMake Files\Qt\5.6mcvs2013\5.6\msvc2013_64\lib\cmake\Qt5Sql\" />
      </Unit>
      <Unit filename="F:/Projects/Qt/Zaviruha2/zaviruha_r/Qt/5.6mcvs2013/5.6/msvc2013_64/lib/cmake/Qt5Sql/Qt5Sql_QMYSQLDriverPlugin.cmake">
          <Option virtualFolder="CMake Files\Qt\5.6mcvs2013\5.6\msvc2013_64\lib\cmake\Qt5Sql\" />
      </Unit>
      <Unit filename="F:/Projects/Qt/Zaviruha2/zaviruha_r/Qt/5.6mcvs2013/5.6/msvc2013_64/lib/cmake/Qt5Sql/Qt5Sql_QPSQLDriverPlugin.cmake">
          <Option virtualFolder="CMake Files\Qt\5.6mcvs2013\5.6\msvc2013_64\lib\cmake\Qt5Sql\" />
      </Unit>
      <Unit filename="F:/Projects/Qt/Zaviruha2/zaviruha_r/Qt/5.6mcvs2013/5.6/msvc2013_64/lib/cmake/Qt5Sql/Qt5Sql_QSQLiteDriverPlugin.cmake">
          <Option virtualFolder="CMake Files\Qt\5.6mcvs2013\5.6\msvc2013_64\lib\cmake\Qt5Sql\" />
      </Unit>
      <Unit filename="F:/Projects/Qt/Zaviruha2/zaviruha_r/Qt/5.6mcvs2013/5.6/msvc2013_64/lib/cmake/Qt5Network/Qt5NetworkConfigVersion.cmake">
          <Option virtualFolder="CMake Files\Qt\5.6mcvs2013\5.6\msvc2013_64\lib\cmake\Qt5Network\" />
      </Unit>
      <Unit filename="F:/Projects/Qt/Zaviruha2/zaviruha_r/Qt/5.6mcvs2013/5.6/msvc2013_64/lib/cmake/Qt5Network/Qt5NetworkConfig.cmake">
          <Option virtualFolder="CMake Files\Qt\5.6mcvs2013\5.6\msvc2013_64\lib\cmake\Qt5Network\" />
      </Unit>
      <Unit filename="F:/Projects/Qt/Zaviruha2/zaviruha_r/Qt/5.6mcvs2013/5.6/msvc2013_64/lib/cmake/Qt5Network/Qt5Network_QGenericEnginePlugin.cmake">
          <Option virtualFolder="CMake Files\Qt\5.6mcvs2013\5.6\msvc2013_64\lib\cmake\Qt5Network\" />
      </Unit>
      <Unit filename="F:/Projects/Qt/Zaviruha2/zaviruha_r/Qt/5.6mcvs2013/5.6/msvc2013_64/lib/cmake/Qt5Network/Qt5Network_QNativeWifiEnginePlugin.cmake">
          <Option virtualFolder="CMake Files\Qt\5.6mcvs2013\5.6\msvc2013_64\lib\cmake\Qt5Network\" />
      </Unit>
      <Unit filename="F:/Projects/Qt/Zaviruha2/zaviruha_r/Qt/5.6mcvs2013/5.6/msvc2013_64/lib/cmake/Qt5Gui/Qt5GuiConfigVersion.cmake">
          <Option virtualFolder="CMake Files\Qt\5.6mcvs2013\5.6\msvc2013_64\lib\cmake\Qt5Gui\" />
      </Unit>
      <Unit filename="F:/Projects/Qt/Zaviruha2/zaviruha_r/Qt/5.6mcvs2013/5.6/msvc2013_64/lib/cmake/Qt5Gui/Qt5GuiConfig.cmake">
          <Option virtualFolder="CMake Files\Qt\5.6mcvs2013\5.6\msvc2013_64\lib\cmake\Qt5Gui\" />
      </Unit>
      <Unit filename="F:/Projects/Qt/Zaviruha2/zaviruha_r/Qt/5.6mcvs2013/5.6/msvc2013_64/lib/cmake/Qt5Gui/Qt5Gui_QDDSPlugin.cmake">
          <Option virtualFolder="CMake Files\Qt\5.6mcvs2013\5.6\msvc2013_64\lib\cmake\Qt5Gui\" />
      </Unit>
      <Unit filename="F:/Projects/Qt/Zaviruha2/zaviruha_r/Qt/5.6mcvs2013/5.6/msvc2013_64/lib/cmake/Qt5Gui/Qt5Gui_QGifPlugin.cmake">
          <Option virtualFolder="CMake Files\Qt\5.6mcvs2013\5.6\msvc2013_64\lib\cmake\Qt5Gui\" />
      </Unit>
      <Unit filename="F:/Projects/Qt/Zaviruha2/zaviruha_r/Qt/5.6mcvs2013/5.6/msvc2013_64/lib/cmake/Qt5Gui/Qt5Gui_QICNSPlugin.cmake">
          <Option virtualFolder="CMake Files\Qt\5.6mcvs2013\5.6\msvc2013_64\lib\cmake\Qt5Gui\" />
      </Unit>
      <Unit filename="F:/Projects/Qt/Zaviruha2/zaviruha_r/Qt/5.6mcvs2013/5.6/msvc2013_64/lib/cmake/Qt5Gui/Qt5Gui_QICOPlugin.cmake">
          <Option virtualFolder="CMake Files\Qt\5.6mcvs2013\5.6\msvc2013_64\lib\cmake\Qt5Gui\" />
      </Unit>
      <Unit filename="F:/Projects/Qt/Zaviruha2/zaviruha_r/Qt/5.6mcvs2013/5.6/msvc2013_64/lib/cmake/Qt5Gui/Qt5Gui_QJpegPlugin.cmake">
          <Option virtualFolder="CMake Files\Qt\5.6mcvs2013\5.6\msvc2013_64\lib\cmake\Qt5Gui\" />
      </Unit>
      <Unit filename="F:/Projects/Qt/Zaviruha2/zaviruha_r/Qt/5.6mcvs2013/5.6/msvc2013_64/lib/cmake/Qt5Gui/Qt5Gui_QMinimalIntegrationPlugin.cmake">
          <Option virtualFolder="CMake Files\Qt\5.6mcvs2013\5.6\msvc2013_64\lib\cmake\Qt5Gui\" />
      </Unit>
      <Unit filename="F:/Projects/Qt/Zaviruha2/zaviruha_r/Qt/5.6mcvs2013/5.6/msvc2013_64/lib/cmake/Qt5Gui/Qt5Gui_QOffscreenIntegrationPlugin.cmake">
          <Option virtualFolder="CMake Files\Qt\5.6mcvs2013\5.6\msvc2013_64\lib\cmake\Qt5Gui\" />
      </Unit>
      <Unit filename="F:/Projects/Qt/Zaviruha2/zaviruha_r/Qt/5.6mcvs2013/5.6/msvc2013_64/lib/cmake/Qt5Gui/Qt5Gui_QTgaPlugin.cmake">
          <Option virtualFolder="CMake Files\Qt\5.6mcvs2013\5.6\msvc2013_64\lib\cmake\Qt5Gui\" />
      </Unit>
      <Unit filename="F:/Projects/Qt/Zaviruha2/zaviruha_r/Qt/5.6mcvs2013/5.6/msvc2013_64/lib/cmake/Qt5Gui/Qt5Gui_QTiffPlugin.cmake">
          <Option virtualFolder="CMake Files\Qt\5.6mcvs2013\5.6\msvc2013_64\lib\cmake\Qt5Gui\" />
      </Unit>
      <Unit filename="F:/Projects/Qt/Zaviruha2/zaviruha_r/Qt/5.6mcvs2013/5.6/msvc2013_64/lib/cmake/Qt5Gui/Qt5Gui_QTuioTouchPlugin.cmake">
          <Option virtualFolder="CMake Files\Qt\5.6mcvs2013\5.6\msvc2013_64\lib\cmake\Qt5Gui\" />
      </Unit>
      <Unit filename="F:/Projects/Qt/Zaviruha2/zaviruha_r/Qt/5.6mcvs2013/5.6/msvc2013_64/lib/cmake/Qt5Gui/Qt5Gui_QWbmpPlugin.cmake">
          <Option virtualFolder="CMake Files\Qt\5.6mcvs2013\5.6\msvc2013_64\lib\cmake\Qt5Gui\" />
      </Unit>
      <Unit filename="F:/Projects/Qt/Zaviruha2/zaviruha_r/Qt/5.6mcvs2013/5.6/msvc2013_64/lib/cmake/Qt5Gui/Qt5Gui_QWebpPlugin.cmake">
          <Option virtualFolder="CMake Files\Qt\5.6mcvs2013\5.6\msvc2013_64\lib\cmake\Qt5Gui\" />
      </Unit>
      <Unit filename="F:/Projects/Qt/Zaviruha2/zaviruha_r/Qt/5.6mcvs2013/5.6/msvc2013_64/lib/cmake/Qt5Gui/Qt5Gui_QWindowsIntegrationPlugin.cmake">
          <Option virtualFolder="CMake Files\Qt\5.6mcvs2013\5.6\msvc2013_64\lib\cmake\Qt5Gui\" />
      </Unit>
      <Unit filename="F:/Projects/Qt/Zaviruha2/zaviruha_r/Qt/5.6mcvs2013/5.6/msvc2013_64/lib/cmake/Qt5Gui/Qt5GuiConfigExtras.cmake">
          <Option virtualFolder="CMake Files\Qt\5.6mcvs2013\5.6\msvc2013_64\lib\cmake\Qt5Gui\" />
      </Unit>
      <Unit filename="F:/Projects/Qt/Zaviruha2/zaviruha_r/Qt/5.6mcvs2013/5.6/msvc2013_64/lib/cmake/Qt5AxContainer/Qt5AxContainerConfigVersion.cmake">
          <Option virtualFolder="CMake Files\Qt\5.6mcvs2013\5.6\msvc2013_64\lib\cmake\Qt5AxContainer\" />
      </Unit>
      <Unit filename="F:/Projects/Qt/Zaviruha2/zaviruha_r/Qt/5.6mcvs2013/5.6/msvc2013_64/lib/cmake/Qt5AxContainer/Qt5AxContainerConfig.cmake">
          <Option virtualFolder="CMake Files\Qt\5.6mcvs2013\5.6\msvc2013_64\lib\cmake\Qt5AxContainer\" />
      </Unit>
      <Unit filename="F:/Projects/Qt/Zaviruha2/zaviruha_r/Qt/5.6mcvs2013/5.6/msvc2013_64/lib/cmake/Qt5AxBase/Qt5AxBaseConfigVersion.cmake">
          <Option virtualFolder="CMake Files\Qt\5.6mcvs2013\5.6\msvc2013_64\lib\cmake\Qt5AxBase\" />
      </Unit>
      <Unit filename="F:/Projects/Qt/Zaviruha2/zaviruha_r/Qt/5.6mcvs2013/5.6/msvc2013_64/lib/cmake/Qt5AxBase/Qt5AxBaseConfig.cmake">
          <Option virtualFolder="CMake Files\Qt\5.6mcvs2013\5.6\msvc2013_64\lib\cmake\Qt5AxBase\" />
      </Unit>
      <Unit filename="F:/Projects/Qt/Zaviruha2/zaviruha_r/Qt/5.6mcvs2013/5.6/msvc2013_64/lib/cmake/Qt5Widgets/Qt5WidgetsConfigVersion.cmake">
          <Option virtualFolder="CMake Files\Qt\5.6mcvs2013\5.6\msvc2013_64\lib\cmake\Qt5Widgets\" />
      </Unit>
      <Unit filename="F:/Projects/Qt/Zaviruha2/zaviruha_r/Qt/5.6mcvs2013/5.6/msvc2013_64/lib/cmake/Qt5Widgets/Qt5WidgetsConfig.cmake">
          <Option virtualFolder="CMake Files\Qt\5.6mcvs2013\5.6\msvc2013_64\lib\cmake\Qt5Widgets\" />
      </Unit>
      <Unit filename="F:/Projects/Qt/Zaviruha2/zaviruha_r/Qt/5.6mcvs2013/5.6/msvc2013_64/lib/cmake/Qt5Widgets/Qt5WidgetsConfigExtras.cmake">
          <Option virtualFolder="CMake Files\Qt\5.6mcvs2013\5.6\msvc2013_64\lib\cmake\Qt5Widgets\" />
      </Unit>
      <Unit filename="F:/Projects/Qt/Zaviruha2/zaviruha_r/Qt/5.6mcvs2013/5.6/msvc2013_64/lib/cmake/Qt5Widgets/Qt5WidgetsMacros.cmake">
          <Option virtualFolder="CMake Files\Qt\5.6mcvs2013\5.6\msvc2013_64\lib\cmake\Qt5Widgets\" />
      </Unit>
      <Unit filename="F:/Projects/Qt/Zaviruha2/zaviruha_r/Qt/5.6mcvs2013/5.6/msvc2013_64/lib/cmake/Qt5Multimedia/Qt5MultimediaConfigVersion.cmake">
          <Option virtualFolder="CMake Files\Qt\5.6mcvs2013\5.6\msvc2013_64\lib\cmake\Qt5Multimedia\" />
      </Unit>
      <Unit filename="F:/Projects/Qt/Zaviruha2/zaviruha_r/Qt/5.6mcvs2013/5.6/msvc2013_64/lib/cmake/Qt5Multimedia/Qt5MultimediaConfig.cmake">
          <Option virtualFolder="CMake Files\Qt\5.6mcvs2013\5.6\msvc2013_64\lib\cmake\Qt5Multimedia\" />
      </Unit>
      <Unit filename="F:/Projects/Qt/Zaviruha2/zaviruha_r/Qt/5.6mcvs2013/5.6/msvc2013_64/lib/cmake/Qt5Multimedia/Qt5Multimedia_AudioCaptureServicePlugin.cmake">
          <Option virtualFolder="CMake Files\Qt\5.6mcvs2013\5.6\msvc2013_64\lib\cmake\Qt5Multimedia\" />
      </Unit>
      <Unit filename="F:/Projects/Qt/Zaviruha2/zaviruha_r/Qt/5.6mcvs2013/5.6/msvc2013_64/lib/cmake/Qt5Multimedia/Qt5Multimedia_DSServicePlugin.cmake">
          <Option virtualFolder="CMake Files\Qt\5.6mcvs2013\5.6\msvc2013_64\lib\cmake\Qt5Multimedia\" />
      </Unit>
      <Unit filename="F:/Projects/Qt/Zaviruha2/zaviruha_r/Qt/5.6mcvs2013/5.6/msvc2013_64/lib/cmake/Qt5Multimedia/Qt5Multimedia_QM3uPlaylistPlugin.cmake">
          <Option virtualFolder="CMake Files\Qt\5.6mcvs2013\5.6\msvc2013_64\lib\cmake\Qt5Multimedia\" />
      </Unit>
      <Unit filename="F:/Projects/Qt/Zaviruha2/zaviruha_r/Qt/5.6mcvs2013/5.6/msvc2013_64/lib/cmake/Qt5Multimedia/Qt5Multimedia_QWindowsAudioPlugin.cmake">
          <Option virtualFolder="CMake Files\Qt\5.6mcvs2013\5.6\msvc2013_64\lib\cmake\Qt5Multimedia\" />
      </Unit>
      <Unit filename="F:/Projects/Qt/Zaviruha2/zaviruha_r/Qt/5.6mcvs2013/5.6/msvc2013_64/lib/cmake/Qt5LinguistTools/Qt5LinguistToolsConfigVersion.cmake">
          <Option virtualFolder="CMake Files\Qt\5.6mcvs2013\5.6\msvc2013_64\lib\cmake\Qt5LinguistTools\" />
      </Unit>
      <Unit filename="F:/Projects/Qt/Zaviruha2/zaviruha_r/Qt/5.6mcvs2013/5.6/msvc2013_64/lib/cmake/Qt5LinguistTools/Qt5LinguistToolsConfig.cmake">
          <Option virtualFolder="CMake Files\Qt\5.6mcvs2013\5.6\msvc2013_64\lib\cmake\Qt5LinguistTools\" />
      </Unit>
      <Unit filename="F:/Projects/Qt/Zaviruha2/zaviruha_r/Qt/5.6mcvs2013/5.6/msvc2013_64/lib/cmake/Qt5LinguistTools/Qt5LinguistToolsMacros.cmake">
          <Option virtualFolder="CMake Files\Qt\5.6mcvs2013\5.6\msvc2013_64\lib\cmake\Qt5LinguistTools\" />
      </Unit>
      <Unit filename="F:/Projects/Qt/Zaviruha2/zaviruha_r/src/CMakeLists.txt">
          <Option virtualFolder="CMake Files\src\" />
      </Unit>
      <Unit filename="F:/Projects/Qt/Zaviruha2/zaviruha_r/src/Qxt/CMakeLists.txt">
          <Option virtualFolder="CMake Files\src\Qxt\" />
      </Unit>
      <Unit filename="F:/Projects/Qt/Zaviruha2/zaviruha_r/src/Qxt/CMakeLists.txt">
          <Option virtualFolder="CMake Files\src\Qxt\" />
      </Unit>
      <Unit filename="F:/Projects/Qt/Zaviruha2/zaviruha_r/src/CISCommonLib/CMakeLists.txt">
          <Option virtualFolder="CMake Files\src\CISCommonLib\" />
      </Unit>
      <Unit filename="F:/Projects/Qt/Zaviruha2/zaviruha_r/src/CISCommonLib/src/CMakeLists.txt">
          <Option virtualFolder="CMake Files\src\CISCommonLib\src\" />
      </Unit>
      <Unit filename="F:/Projects/Qt/Zaviruha2/zaviruha_r/src/CISCommonLib/src/CMakeLists.txt">
          <Option virtualFolder="CMake Files\src\CISCommonLib\src\" />
      </Unit>
      <Unit filename="F:/Projects/Qt/Zaviruha2/zaviruha_r/src/CISCommonLib/tests/CMakeLists.txt">
          <Option virtualFolder="CMake Files\src\CISCommonLib\tests\" />
      </Unit>
      <Unit filename="F:/Projects/Qt/Zaviruha2/zaviruha_r/src/CISCommonLib/tests/CMakeLists.txt">
          <Option virtualFolder="CMake Files\src\CISCommonLib\tests\" />
      </Unit>
      <Unit filename="F:/Projects/Qt/Zaviruha2/zaviruha_r/src/common/CMakeLists.txt">
          <Option virtualFolder="CMake Files\src\common\" />
      </Unit>
      <Unit filename="F:/Projects/Qt/Zaviruha2/zaviruha_r/src/common/src/CMakeLists.txt">
          <Option virtualFolder="CMake Files\src\common\src\" />
      </Unit>
      <Unit filename="F:/Projects/Qt/Zaviruha2/zaviruha_r/src/common/src/CMakeLists.txt">
          <Option virtualFolder="CMake Files\src\common\src\" />
      </Unit>
      <Unit filename="F:/Projects/Qt/Zaviruha2/zaviruha_r/src/common/tests/CMakeLists.txt">
          <Option virtualFolder="CMake Files\src\common\tests\" />
      </Unit>
      <Unit filename="F:/Projects/Qt/Zaviruha2/zaviruha_r/src/server/CMakeLists.txt">
          <Option virtualFolder="CMake Files\src\server\" />
      </Unit>
      <Unit filename="F:/Projects/Qt/Zaviruha2/zaviruha_r/src/server/core/CMakeLists.txt">
          <Option virtualFolder="CMake Files\src\server\core\" />
      </Unit>
      <Unit filename="F:/Projects/Qt/Zaviruha2/zaviruha_r/src/server/core/CMakeLists.txt">
          <Option virtualFolder="CMake Files\src\server\core\" />
      </Unit>
      <Unit filename="F:/Projects/Qt/Zaviruha2/zaviruha_r/src/server/app/CMakeLists.txt">
          <Option virtualFolder="CMake Files\src\server\app\" />
      </Unit>
      <Unit filename="F:/Projects/Qt/Zaviruha2/zaviruha_r/src/server/app/version.h.in">
          <Option virtualFolder="CMake Files\src\server\app\" />
      </Unit>
      <Unit filename="F:/Projects/Qt/Zaviruha2/zaviruha_r/src/server/app/CMakeLists.txt">
          <Option virtualFolder="CMake Files\src\server\app\" />
      </Unit>
      <Unit filename="F:/Projects/Qt/Zaviruha2/zaviruha_r/src/server/app/version.h.in">
          <Option virtualFolder="CMake Files\src\server\app\" />
      </Unit>
      <Unit filename="F:/Projects/Qt/Zaviruha2/zaviruha_r/src/server/tests/CMakeLists.txt">
          <Option virtualFolder="CMake Files\src\server\tests\" />
      </Unit>
      <Unit filename="F:/Projects/Qt/Zaviruha2/zaviruha_r/src/server/tests/CMakeLists.txt">
          <Option virtualFolder="CMake Files\src\server\tests\" />
      </Unit>
      <Unit filename="F:/Projects/Qt/Zaviruha2/zaviruha_r/src/view/CMakeLists.txt">
          <Option virtualFolder="CMake Files\src\view\" />
      </Unit>
      <Unit filename="F:/Projects/Qt/Zaviruha2/zaviruha_r/src/view/core/CMakeLists.txt">
          <Option virtualFolder="CMake Files\src\view\core\" />
      </Unit>
      <Unit filename="F:/Projects/Qt/Zaviruha2/zaviruha_r/src/view/core/CMakeLists.txt">
          <Option virtualFolder="CMake Files\src\view\core\" />
      </Unit>
      <Unit filename="F:/Projects/Qt/Zaviruha2/zaviruha_r/src/view/app/CMakeLists.txt">
          <Option virtualFolder="CMake Files\src\view\app\" />
      </Unit>
      <Unit filename="F:/Projects/Qt/Zaviruha2/zaviruha_r/src/view/app/rc.qrc">
          <Option virtualFolder="CMake Files\src\view\app\" />
      </Unit>
      <Unit filename="F:/Projects/Qt/Zaviruha2/zaviruha_r/src/view/app/version.h.in">
          <Option virtualFolder="CMake Files\src\view\app\" />
      </Unit>
      <Unit filename="F:/Projects/Qt/Zaviruha2/zaviruha_r/src/view/app/CMakeLists.txt">
          <Option virtualFolder="CMake Files\src\view\app\" />
      </Unit>
      <Unit filename="F:/Projects/Qt/Zaviruha2/zaviruha_r/src/view/app/rc.qrc">
          <Option virtualFolder="CMake Files\src\view\app\" />
      </Unit>
      <Unit filename="F:/Projects/Qt/Zaviruha2/zaviruha_r/src/view/app/version.h.in">
          <Option virtualFolder="CMake Files\src\view\app\" />
      </Unit>
      <Unit filename="F:/Projects/Qt/Zaviruha2/zaviruha_r/src/view/tests/CMakeLists.txt">
          <Option virtualFolder="CMake Files\src\view\tests\" />
      </Unit>
      <Unit filename="F:/Projects/Qt/Zaviruha2/zaviruha_r/src/view/tests/CMakeLists.txt">
          <Option virtualFolder="CMake Files\src\view\tests\" />
      </Unit>
      <Unit filename="F:/Projects/Qt/Zaviruha2/zaviruha_r/build1/src/view/core/ZaviruhaRViewCore_ts.qrc">
          <Option virtualFolder="CMake Files\build1\src\view\core\" />
      </Unit>
      <Unit filename="F:/Projects/Qt/Zaviruha2/zaviruha_r/build1/src/view/core/ZaviruhaRViewCore_ts.qrc">
          <Option virtualFolder="CMake Files\build1\src\view\core\" />
      </Unit>
      <Unit filename="F:/Projects/Qt/Zaviruha2/zaviruha_r/docs/CMakeLists.txt">
          <Option virtualFolder="CMake Files\docs\" />
      </Unit>
      <Unit filename="F:/Projects/Qt/Zaviruha2/zaviruha_r/docs/CMakeLists.txt">
          <Option virtualFolder="CMake Files\docs\" />
      </Unit>
   </Project>
</CodeBlocks_project_file>
